
Microsoft Visual Studio Solution File, Format Version 12.00
# Visual Studio Version 16
VisualStudioVersion = 16.0.36631.11
MinimumVisualStudioVersion = 10.0.40219.1
Project("{8BC9CEB8-8B4A-11D0-8D11-00A0C91BC942}") = "IRay_Test", "IRay_Test\IRay_Test.vcxproj", "{8C637F37-ED08-4705-97DB-7CB8E1C2CE21}"
EndProject
Global
	GlobalSection(SolutionConfigurationPlatforms) = preSolution
		Debug|x64 = Debug|x64
		Debug|x86 = Debug|x86
		Release|x64 = Release|x64
		Release|x86 = Release|x86
	EndGlobalSection
	GlobalSection(ProjectConfigurationPlatforms) = postSolution
		{8C637F37-ED08-4705-97DB-7CB8E1C2CE21}.Debug|x64.ActiveCfg = Debug|x64
		{8C637F37-ED08-4705-97DB-7CB8E1C2CE21}.Debug|x64.Build.0 = Debug|x64
		{8C637F37-ED08-4705-97DB-7CB8E1C2CE21}.Debug|x86.ActiveCfg = Debug|Win32
		{8C637F37-ED08-4705-97DB-7CB8E1C2CE21}.Debug|x86.Build.0 = Debug|Win32
		{8C637F37-ED08-4705-97DB-7CB8E1C2CE21}.Release|x64.ActiveCfg = Release|x64
		{8C637F37-ED08-4705-97DB-7CB8E1C2CE21}.Release|x64.Build.0 = Release|x64
		{8C637F37-ED08-4705-97DB-7CB8E1C2CE21}.Release|x86.ActiveCfg = Release|Win32
		{8C637F37-ED08-4705-97DB-7CB8E1C2CE21}.Release|x86.Build.0 = Release|Win32
	EndGlobalSection
	GlobalSection(SolutionProperties) = preSolution
		HideSolutionNode = FALSE
	EndGlobalSection
	GlobalSection(ExtensibilityGlobals) = postSolution
		SolutionGuid = {F75F06C2-BFBF-4459-8565-6D8D14E3F0CB}
	EndGlobalSection
EndGlobal
