<?xml version="1.0" encoding="utf-8"?>
<Project ToolsVersion="4.0" xmlns="http://schemas.microsoft.com/developer/msbuild/2003">
  <ItemGroup>
    <Filter Include="资源文件">
      <UniqueIdentifier>{67DA6AB6-F800-4c08-8B7A-83BB121AAD01}</UniqueIdentifier>
      <Extensions>rc;ico;cur;bmp;dlg;rc2;rct;bin;rgs;gif;jpg;jpeg;jpe;resx;tiff;tif;png;wav;mfcribbon-ms</Extensions>
    </Filter>
    <Filter Include="IrayBase">
      <UniqueIdentifier>{3d71e1f2-9167-4334-9733-778621e88f5d}</UniqueIdentifier>
    </Filter>
    <Filter Include="Init">
      <UniqueIdentifier>{c5d0bfb3-5c63-419f-8847-5135675f3f52}</UniqueIdentifier>
    </Filter>
    <Filter Include="Test">
      <UniqueIdentifier>{4624734f-f00a-4c00-8546-ee03a608fb0c}</UniqueIdentifier>
    </Filter>
    <Filter Include="QT">
      <UniqueIdentifier>{b91ebba8-3e61-4dea-b48a-78be78408587}</UniqueIdentifier>
    </Filter>
    <Filter Include="QT\头文件">
      <UniqueIdentifier>{93995380-89BD-4b04-88EB-625FBE52EBFB}</UniqueIdentifier>
      <Extensions>h;hh;hpp;hxx;h++;hm;inl;inc;ipp;xsd</Extensions>
    </Filter>
    <Filter Include="QT\源文件">
      <UniqueIdentifier>{4FC737F1-C7A5-4376-A066-2A32D752A2FF}</UniqueIdentifier>
      <Extensions>cpp;c;cc;cxx;c++;cppm;ixx;def;odl;idl;hpj;bat;asm;asmx</Extensions>
    </Filter>
    <Filter Include="QT\UI">
      <UniqueIdentifier>{04e5331d-408b-4400-b7f3-d5c5335d505f}</UniqueIdentifier>
    </Filter>
    <Filter Include="DetectorUSe">
      <UniqueIdentifier>{bdedd242-2465-4251-b7b4-451218527d14}</UniqueIdentifier>
    </Filter>
  </ItemGroup>
  <ItemGroup>
    <ClCompile Include="Detector.cpp">
      <Filter>IrayBase</Filter>
    </ClCompile>
    <ClCompile Include="winevent.cpp">
      <Filter>IrayBase</Filter>
    </ClCompile>
    <ClCompile Include="IrayWidget.cpp">
      <Filter>QT\源文件</Filter>
    </ClCompile>
    <ClCompile Include="main.cpp">
      <Filter>QT</Filter>
    </ClCompile>
    <ClCompile Include="DetectorUse.cpp">
      <Filter>DetectorUSe</Filter>
    </ClCompile>
    <ClCompile Include="DetectorUseManager.cpp">
      <Filter>DetectorUSe</Filter>
    </ClCompile>
    <ClCompile Include="ModeSelectionDialog.cpp">
      <Filter>QT\头文件</Filter>
    </ClCompile>
    <ClCompile Include="ModeSelectionDialog.cpp">
      <Filter>QT\源文件</Filter>
    </ClCompile>
    <ClCompile Include="iniParser.cpp">
      <Filter>IrayBase</Filter>
    </ClCompile>
  </ItemGroup>
  <ItemGroup>
    <ClInclude Include="IrayInclude.h">
      <Filter>IrayBase</Filter>
    </ClInclude>
    <ClInclude Include="util.h">
      <Filter>IrayBase</Filter>
    </ClInclude>
    <ClInclude Include="Detector.h">
      <Filter>IrayBase</Filter>
    </ClInclude>
    <ClInclude Include="DisplayProgressbar.h">
      <Filter>IrayBase</Filter>
    </ClInclude>
    <ClInclude Include="winevent.h">
      <Filter>IrayBase</Filter>
    </ClInclude>
    <ClInclude Include="stdafx.h">
      <Filter>Init</Filter>
    </ClInclude>
    <ClInclude Include="targetver.h">
      <Filter>Init</Filter>
    </ClInclude>
    <ClInclude Include="DetectorUse.h">
      <Filter>DetectorUSe</Filter>
    </ClInclude>
    <ClInclude Include="iniParser.h">
      <Filter>IrayBase</Filter>
    </ClInclude>
  </ItemGroup>
  <ItemGroup>
    <QtMoc Include="IrayWidget.h">
      <Filter>QT\头文件</Filter>
    </QtMoc>
    <QtMoc Include="DetectorUseManager.h">
      <Filter>DetectorUSe</Filter>
    </QtMoc>
    <QtMoc Include="ModeSelectionDialog.h">
      <Filter>QT\头文件</Filter>
    </QtMoc>
  </ItemGroup>
  <ItemGroup>
    <QtUic Include="IrayWidget.ui">
      <Filter>QT\UI</Filter>
    </QtUic>
  </ItemGroup>
</Project>